
Microsoft Visual Studio Solution File, Format Version 12.00
# Visual Studio Version 17
VisualStudioVersion = 17.5.33516.290
MinimumVisualStudioVersion = 10.0.40219.1
Project("{FAE04EC0-301F-11D3-BF4B-00C04F79EFBC}") = "71_PacMan", "71_PacMan.csproj", "{310BCC43-5BDD-48F8-B8DA-095F9EFFAFBF}"
EndProject
Global
	GlobalSection(SolutionConfigurationPlatforms) = preSolution
		Debug|Any CPU = Debug|Any CPU
		Release|Any CPU = Release|Any CPU
	EndGlobalSection
	GlobalSection(ProjectConfigurationPlatforms) = postSolution
		{310BCC43-5BDD-48F8-B8DA-095F9EFFAFBF}.Debug|Any CPU.ActiveCfg = Debug|Any CPU
		{310BCC43-5BDD-48F8-B8DA-095F9EFFAFBF}.Debug|Any CPU.Build.0 = Debug|Any CPU
		{310BCC43-5BDD-48F8-B8DA-095F9EFFAFBF}.Release|Any CPU.ActiveCfg = Release|Any CPU
		{310BCC43-5BDD-48F8-B8DA-095F9EFFAFBF}.Release|Any CPU.Build.0 = Release|Any CPU
	EndGlobalSection
	GlobalSection(SolutionProperties) = preSolution
		HideSolutionNode = FALSE
	EndGlobalSection
	GlobalSection(ExtensibilityGlobals) = postSolution
		SolutionGuid = {D0C0D90E-9108-415F-9D74-8ABB88541AFE}
	EndGlobalSection
EndGlobal
